// !$*UTF8*$!
{
	archiveVersion = 1;
	classes = {
	};
	objectVersion = 46;
	objects = {

/* Begin PBXBuildFile section */
		0A4EAF891CDE0480006F494B /* KNCommonTableViewCell.m in Sources */ = {isa = PBXBuildFile; fileRef = 0A4EAF881CDE0480006F494B /* KNCommonTableViewCell.m */; };
		0A4EAF901CDE0580006F494B /* KNInfoTableViewCell.m in Sources */ = {isa = PBXBuildFile; fileRef = 0A4EAF8F1CDE0580006F494B /* KNInfoTableViewCell.m */; };
		0AD150DA1CDE31DC000B0457 /* KNEditInfoViewController.m in Sources */ = {isa = PBXBuildFile; fileRef = 0AD150D91CDE31DC000B0457 /* KNEditInfoViewController.m */; };
		0AD150DD1CDE486B000B0457 /* KNFeedbackViewController.m in Sources */ = {isa = PBXBuildFile; fileRef = 0AD150DC1CDE486B000B0457 /* KNFeedbackViewController.m */; };
		AA3DCD301CDC32CD0012CF39 /* KNNewsTableViewController.m in Sources */ = {isa = PBXBuildFile; fileRef = AA3DCD2F1CDC32CD0012CF39 /* KNNewsTableViewController.m */; };
		AA3DCD3D1CDC34470012CF39 /* KNHeaderNews.m in Sources */ = {isa = PBXBuildFile; fileRef = AA3DCD3C1CDC34470012CF39 /* KNHeaderNews.m */; };
		AA3DCD401CDC346B0012CF39 /* KNNormalNews.m in Sources */ = {isa = PBXBuildFile; fileRef = AA3DCD3F1CDC346B0012CF39 /* KNNormalNews.m */; };
		AA3DCD461CDC43790012CF39 /* KNNewsDetailViewController.m in Sources */ = {isa = PBXBuildFile; fileRef = AA3DCD451CDC43790012CF39 /* KNNewsDetailViewController.m */; };
		AA3DCD491CDC6A4F0012CF39 /* KNChannelCollectionViewCell.m in Sources */ = {isa = PBXBuildFile; fileRef = AA3DCD481CDC6A4F0012CF39 /* KNChannelCollectionViewCell.m */; };
		AA3DCD4C1CDC6A6C0012CF39 /* KNTopMenuView.m in Sources */ = {isa = PBXBuildFile; fileRef = AA3DCD4B1CDC6A6C0012CF39 /* KNTopMenuView.m */; };
		AAC2E9C61CDAEAE9003E0EC9 /* main.m in Sources */ = {isa = PBXBuildFile; fileRef = AAC2E9C51CDAEAE9003E0EC9 /* main.m */; };
		AAC2E9C91CDAEAE9003E0EC9 /* AppDelegate.m in Sources */ = {isa = PBXBuildFile; fileRef = AAC2E9C81CDAEAE9003E0EC9 /* AppDelegate.m */; };
		AAC2E9EB1CDAEF93003E0EC9 /* NSString+TL.m in Sources */ = {isa = PBXBuildFile; fileRef = AAC2E9DD1CDAEF93003E0EC9 /* NSString+TL.m */; };
		AAC2E9EC1CDAEF93003E0EC9 /* UIDevice+TL.m in Sources */ = {isa = PBXBuildFile; fileRef = AAC2E9DF1CDAEF93003E0EC9 /* UIDevice+TL.m */; };
		AAC2E9ED1CDAEF93003E0EC9 /* UIImage+TL.m in Sources */ = {isa = PBXBuildFile; fileRef = AAC2E9E11CDAEF93003E0EC9 /* UIImage+TL.m */; };
		AAC2E9EE1CDAEF93003E0EC9 /* UIView+TL.m in Sources */ = {isa = PBXBuildFile; fileRef = AAC2E9E31CDAEF93003E0EC9 /* UIView+TL.m */; };
		AAC2E9EF1CDAEF93003E0EC9 /* Assets.xcassets in Resources */ = {isa = PBXBuildFile; fileRef = AAC2E9E91CDAEF93003E0EC9 /* Assets.xcassets */; };
		AAC2E9F21CDAF111003E0EC9 /* KNViewController.m in Sources */ = {isa = PBXBuildFile; fileRef = AAC2E9F11CDAF111003E0EC9 /* KNViewController.m */; };
		AAC2E9F51CDAF13B003E0EC9 /* KNTabBarController.m in Sources */ = {isa = PBXBuildFile; fileRef = AAC2E9F41CDAF13B003E0EC9 /* KNTabBarController.m */; };
		AAC2E9F81CDAF162003E0EC9 /* KNNavigationController.m in Sources */ = {isa = PBXBuildFile; fileRef = AAC2E9F71CDAF162003E0EC9 /* KNNavigationController.m */; };
		AAC2E9FF1CDAFF9F003E0EC9 /* KNMeViewController.m in Sources */ = {isa = PBXBuildFile; fileRef = AAC2E9FE1CDAFF9F003E0EC9 /* KNMeViewController.m */; };
		AAC2EA021CDAFFB8003E0EC9 /* KNNewsViewController.m in Sources */ = {isa = PBXBuildFile; fileRef = AAC2EA011CDAFFB8003E0EC9 /* KNNewsViewController.m */; };
		AAC2EA051CDAFFCF003E0EC9 /* KNPictureViewController.m in Sources */ = {isa = PBXBuildFile; fileRef = AAC2EA041CDAFFCF003E0EC9 /* KNPictureViewController.m */; };
		AAC2EA081CDAFFE1003E0EC9 /* KNVideoViewController.m in Sources */ = {isa = PBXBuildFile; fileRef = AAC2EA071CDAFFE1003E0EC9 /* KNVideoViewController.m */; };
/* End PBXBuildFile section */

/* Begin PBXFileReference section */
		0A4EAF871CDE0480006F494B /* KNCommonTableViewCell.h */ = {isa = PBXFileReference; fileEncoding = 4; lastKnownFileType = sourcecode.c.h; path = KNCommonTableViewCell.h; sourceTree = "<group>"; };
		0A4EAF881CDE0480006F494B /* KNCommonTableViewCell.m */ = {isa = PBXFileReference; fileEncoding = 4; lastKnownFileType = sourcecode.c.objc; path = KNCommonTableViewCell.m; sourceTree = "<group>"; };
		0A4EAF8E1CDE0580006F494B /* KNInfoTableViewCell.h */ = {isa = PBXFileReference; fileEncoding = 4; lastKnownFileType = sourcecode.c.h; path = KNInfoTableViewCell.h; sourceTree = "<group>"; };
		0A4EAF8F1CDE0580006F494B /* KNInfoTableViewCell.m */ = {isa = PBXFileReference; fileEncoding = 4; lastKnownFileType = sourcecode.c.objc; path = KNInfoTableViewCell.m; sourceTree = "<group>"; };
		0AD150D81CDE31DC000B0457 /* KNEditInfoViewController.h */ = {isa = PBXFileReference; fileEncoding = 4; lastKnownFileType = sourcecode.c.h; path = KNEditInfoViewController.h; sourceTree = "<group>"; };
		0AD150D91CDE31DC000B0457 /* KNEditInfoViewController.m */ = {isa = PBXFileReference; fileEncoding = 4; lastKnownFileType = sourcecode.c.objc; path = KNEditInfoViewController.m; sourceTree = "<group>"; };
		0AD150DB1CDE486A000B0457 /* KNFeedbackViewController.h */ = {isa = PBXFileReference; fileEncoding = 4; lastKnownFileType = sourcecode.c.h; path = KNFeedbackViewController.h; sourceTree = "<group>"; };
		0AD150DC1CDE486B000B0457 /* KNFeedbackViewController.m */ = {isa = PBXFileReference; fileEncoding = 4; lastKnownFileType = sourcecode.c.objc; path = KNFeedbackViewController.m; sourceTree = "<group>"; };
		AA3DCD2E1CDC32CD0012CF39 /* KNNewsTableViewController.h */ = {isa = PBXFileReference; fileEncoding = 4; lastKnownFileType = sourcecode.c.h; path = KNNewsTableViewController.h; sourceTree = "<group>"; };
		AA3DCD2F1CDC32CD0012CF39 /* KNNewsTableViewController.m */ = {isa = PBXFileReference; fileEncoding = 4; lastKnownFileType = sourcecode.c.objc; path = KNNewsTableViewController.m; sourceTree = "<group>"; };
		AA3DCD3B1CDC34470012CF39 /* KNHeaderNews.h */ = {isa = PBXFileReference; fileEncoding = 4; lastKnownFileType = sourcecode.c.h; path = KNHeaderNews.h; sourceTree = "<group>"; };
		AA3DCD3C1CDC34470012CF39 /* KNHeaderNews.m */ = {isa = PBXFileReference; fileEncoding = 4; lastKnownFileType = sourcecode.c.objc; path = KNHeaderNews.m; sourceTree = "<group>"; };
		AA3DCD3E1CDC346B0012CF39 /* KNNormalNews.h */ = {isa = PBXFileReference; fileEncoding = 4; lastKnownFileType = sourcecode.c.h; path = KNNormalNews.h; sourceTree = "<group>"; };
		AA3DCD3F1CDC346B0012CF39 /* KNNormalNews.m */ = {isa = PBXFileReference; fileEncoding = 4; lastKnownFileType = sourcecode.c.objc; path = KNNormalNews.m; sourceTree = "<group>"; };
		AA3DCD441CDC43790012CF39 /* KNNewsDetailViewController.h */ = {isa = PBXFileReference; fileEncoding = 4; lastKnownFileType = sourcecode.c.h; path = KNNewsDetailViewController.h; sourceTree = "<group>"; };
		AA3DCD451CDC43790012CF39 /* KNNewsDetailViewController.m */ = {isa = PBXFileReference; fileEncoding = 4; lastKnownFileType = sourcecode.c.objc; path = KNNewsDetailViewController.m; sourceTree = "<group>"; };
		AA3DCD471CDC6A4F0012CF39 /* KNChannelCollectionViewCell.h */ = {isa = PBXFileReference; fileEncoding = 4; lastKnownFileType = sourcecode.c.h; path = KNChannelCollectionViewCell.h; sourceTree = "<group>"; };
		AA3DCD481CDC6A4F0012CF39 /* KNChannelCollectionViewCell.m */ = {isa = PBXFileReference; fileEncoding = 4; lastKnownFileType = sourcecode.c.objc; path = KNChannelCollectionViewCell.m; sourceTree = "<group>"; };
		AA3DCD4A1CDC6A6C0012CF39 /* KNTopMenuView.h */ = {isa = PBXFileReference; fileEncoding = 4; lastKnownFileType = sourcecode.c.h; path = KNTopMenuView.h; sourceTree = "<group>"; };
		AA3DCD4B1CDC6A6C0012CF39 /* KNTopMenuView.m */ = {isa = PBXFileReference; fileEncoding = 4; lastKnownFileType = sourcecode.c.objc; path = KNTopMenuView.m; sourceTree = "<group>"; };
		AAC2E9C11CDAEAE9003E0EC9 /* KNNews.app */ = {isa = PBXFileReference; explicitFileType = wrapper.application; includeInIndex = 0; path = KNNews.app; sourceTree = BUILT_PRODUCTS_DIR; };
		AAC2E9C51CDAEAE9003E0EC9 /* main.m */ = {isa = PBXFileReference; lastKnownFileType = sourcecode.c.objc; path = main.m; sourceTree = "<group>"; };
		AAC2E9C71CDAEAE9003E0EC9 /* AppDelegate.h */ = {isa = PBXFileReference; lastKnownFileType = sourcecode.c.h; path = AppDelegate.h; sourceTree = "<group>"; };
		AAC2E9C81CDAEAE9003E0EC9 /* AppDelegate.m */ = {isa = PBXFileReference; lastKnownFileType = sourcecode.c.objc; path = AppDelegate.m; sourceTree = "<group>"; };
		AAC2E9D51CDAEAE9003E0EC9 /* Info.plist */ = {isa = PBXFileReference; lastKnownFileType = text.plist.xml; path = Info.plist; sourceTree = "<group>"; };
		AAC2E9DC1CDAEF93003E0EC9 /* NSString+TL.h */ = {isa = PBXFileReference; fileEncoding = 4; lastKnownFileType = sourcecode.c.h; path = "NSString+TL.h"; sourceTree = "<group>"; };
		AAC2E9DD1CDAEF93003E0EC9 /* NSString+TL.m */ = {isa = PBXFileReference; fileEncoding = 4; lastKnownFileType = sourcecode.c.objc; path = "NSString+TL.m"; sourceTree = "<group>"; };
		AAC2E9DE1CDAEF93003E0EC9 /* UIDevice+TL.h */ = {isa = PBXFileReference; fileEncoding = 4; lastKnownFileType = sourcecode.c.h; path = "UIDevice+TL.h"; sourceTree = "<group>"; };
		AAC2E9DF1CDAEF93003E0EC9 /* UIDevice+TL.m */ = {isa = PBXFileReference; fileEncoding = 4; lastKnownFileType = sourcecode.c.objc; path = "UIDevice+TL.m"; sourceTree = "<group>"; };
		AAC2E9E01CDAEF93003E0EC9 /* UIImage+TL.h */ = {isa = PBXFileReference; fileEncoding = 4; lastKnownFileType = sourcecode.c.h; path = "UIImage+TL.h"; sourceTree = "<group>"; };
		AAC2E9E11CDAEF93003E0EC9 /* UIImage+TL.m */ = {isa = PBXFileReference; fileEncoding = 4; lastKnownFileType = sourcecode.c.objc; path = "UIImage+TL.m"; sourceTree = "<group>"; };
		AAC2E9E21CDAEF93003E0EC9 /* UIView+TL.h */ = {isa = PBXFileReference; fileEncoding = 4; lastKnownFileType = sourcecode.c.h; path = "UIView+TL.h"; sourceTree = "<group>"; };
		AAC2E9E31CDAEF93003E0EC9 /* UIView+TL.m */ = {isa = PBXFileReference; fileEncoding = 4; lastKnownFileType = sourcecode.c.objc; path = "UIView+TL.m"; sourceTree = "<group>"; };
		AAC2E9E71CDAEF93003E0EC9 /* PrefixHeader.pch */ = {isa = PBXFileReference; fileEncoding = 4; lastKnownFileType = sourcecode.c.h; path = PrefixHeader.pch; sourceTree = "<group>"; };
		AAC2E9E91CDAEF93003E0EC9 /* Assets.xcassets */ = {isa = PBXFileReference; lastKnownFileType = folder.assetcatalog; path = Assets.xcassets; sourceTree = "<group>"; };
		AAC2E9F01CDAF111003E0EC9 /* KNViewController.h */ = {isa = PBXFileReference; fileEncoding = 4; lastKnownFileType = sourcecode.c.h; path = KNViewController.h; sourceTree = "<group>"; };
		AAC2E9F11CDAF111003E0EC9 /* KNViewController.m */ = {isa = PBXFileReference; fileEncoding = 4; lastKnownFileType = sourcecode.c.objc; path = KNViewController.m; sourceTree = "<group>"; };
		AAC2E9F31CDAF13B003E0EC9 /* KNTabBarController.h */ = {isa = PBXFileReference; fileEncoding = 4; lastKnownFileType = sourcecode.c.h; path = KNTabBarController.h; sourceTree = "<group>"; };
		AAC2E9F41CDAF13B003E0EC9 /* KNTabBarController.m */ = {isa = PBXFileReference; fileEncoding = 4; lastKnownFileType = sourcecode.c.objc; path = KNTabBarController.m; sourceTree = "<group>"; };
		AAC2E9F61CDAF162003E0EC9 /* KNNavigationController.h */ = {isa = PBXFileReference; fileEncoding = 4; lastKnownFileType = sourcecode.c.h; path = KNNavigationController.h; sourceTree = "<group>"; };
		AAC2E9F71CDAF162003E0EC9 /* KNNavigationController.m */ = {isa = PBXFileReference; fileEncoding = 4; lastKnownFileType = sourcecode.c.objc; path = KNNavigationController.m; sourceTree = "<group>"; };
		AAC2E9FD1CDAFF9F003E0EC9 /* KNMeViewController.h */ = {isa = PBXFileReference; fileEncoding = 4; lastKnownFileType = sourcecode.c.h; path = KNMeViewController.h; sourceTree = "<group>"; };
		AAC2E9FE1CDAFF9F003E0EC9 /* KNMeViewController.m */ = {isa = PBXFileReference; fileEncoding = 4; lastKnownFileType = sourcecode.c.objc; path = KNMeViewController.m; sourceTree = "<group>"; };
		AAC2EA001CDAFFB8003E0EC9 /* KNNewsViewController.h */ = {isa = PBXFileReference; fileEncoding = 4; lastKnownFileType = sourcecode.c.h; path = KNNewsViewController.h; sourceTree = "<group>"; };
		AAC2EA011CDAFFB8003E0EC9 /* KNNewsViewController.m */ = {isa = PBXFileReference; fileEncoding = 4; lastKnownFileType = sourcecode.c.objc; path = KNNewsViewController.m; sourceTree = "<group>"; };
		AAC2EA031CDAFFCF003E0EC9 /* KNPictureViewController.h */ = {isa = PBXFileReference; fileEncoding = 4; lastKnownFileType = sourcecode.c.h; path = KNPictureViewController.h; sourceTree = "<group>"; };
		AAC2EA041CDAFFCF003E0EC9 /* KNPictureViewController.m */ = {isa = PBXFileReference; fileEncoding = 4; lastKnownFileType = sourcecode.c.objc; path = KNPictureViewController.m; sourceTree = "<group>"; };
		AAC2EA061CDAFFE1003E0EC9 /* KNVideoViewController.h */ = {isa = PBXFileReference; fileEncoding = 4; lastKnownFileType = sourcecode.c.h; path = KNVideoViewController.h; sourceTree = "<group>"; };
		AAC2EA071CDAFFE1003E0EC9 /* KNVideoViewController.m */ = {isa = PBXFileReference; fileEncoding = 4; lastKnownFileType = sourcecode.c.objc; path = KNVideoViewController.m; sourceTree = "<group>"; };
/* End PBXFileReference section */

/* Begin PBXFrameworksBuildPhase section */
		AAC2E9BE1CDAEAE9003E0EC9 /* Frameworks */ = {
			isa = PBXFrameworksBuildPhase;
			buildActionMask = 2147483647;
			files = (
			);
			runOnlyForDeploymentPostprocessing = 0;
		};
/* End PBXFrameworksBuildPhase section */

/* Begin PBXGroup section */
		0A4EAF8D1CDE0580006F494B /* Me */ = {
			isa = PBXGroup;
			children = (
				0A4EAF8E1CDE0580006F494B /* KNInfoTableViewCell.h */,
				0A4EAF8F1CDE0580006F494B /* KNInfoTableViewCell.m */,
			);
			path = Me;
			sourceTree = "<group>";
		};
		AA3DCD311CDC33E10012CF39 /* Me */ = {
			isa = PBXGroup;
			children = (
			);
			path = Me;
			sourceTree = "<group>";
		};
		AA3DCD321CDC33E10012CF39 /* News */ = {
			isa = PBXGroup;
			children = (
				AA3DCD3B1CDC34470012CF39 /* KNHeaderNews.h */,
				AA3DCD3C1CDC34470012CF39 /* KNHeaderNews.m */,
				AA3DCD3E1CDC346B0012CF39 /* KNNormalNews.h */,
				AA3DCD3F1CDC346B0012CF39 /* KNNormalNews.m */,
			);
			path = News;
			sourceTree = "<group>";
		};
		AA3DCD331CDC33E10012CF39 /* Other */ = {
			isa = PBXGroup;
			children = (
			);
			path = Other;
			sourceTree = "<group>";
		};
		AA3DCD341CDC33E10012CF39 /* Picture */ = {
			isa = PBXGroup;
			children = (
			);
			path = Picture;
			sourceTree = "<group>";
		};
		AA3DCD351CDC33E10012CF39 /* Video */ = {
			isa = PBXGroup;
			children = (
			);
			path = Video;
			sourceTree = "<group>";
		};
		AA3DCD371CDC33F90012CF39 /* News */ = {
			isa = PBXGroup;
			children = (
				AA3DCD4A1CDC6A6C0012CF39 /* KNTopMenuView.h */,
				AA3DCD4B1CDC6A6C0012CF39 /* KNTopMenuView.m */,
				AA3DCD471CDC6A4F0012CF39 /* KNChannelCollectionViewCell.h */,
				AA3DCD481CDC6A4F0012CF39 /* KNChannelCollectionViewCell.m */,
			);
			path = News;
			sourceTree = "<group>";
		};
		AA3DCD381CDC33F90012CF39 /* Other */ = {
			isa = PBXGroup;
			children = (
				0A4EAF871CDE0480006F494B /* KNCommonTableViewCell.h */,
				0A4EAF881CDE0480006F494B /* KNCommonTableViewCell.m */,
			);
			path = Other;
			sourceTree = "<group>";
		};
		AA3DCD391CDC33F90012CF39 /* Picture */ = {
			isa = PBXGroup;
			children = (
			);
			path = Picture;
			sourceTree = "<group>";
		};
		AA3DCD3A1CDC33F90012CF39 /* Video */ = {
			isa = PBXGroup;
			children = (
			);
			path = Video;
			sourceTree = "<group>";
		};
		AAC2E9B81CDAEAE9003E0EC9 = {
			isa = PBXGroup;
			children = (
				AAC2E9C31CDAEAE9003E0EC9 /* KNNews */,
				AAC2E9C21CDAEAE9003E0EC9 /* Products */,
			);
			sourceTree = "<group>";
		};
		AAC2E9C21CDAEAE9003E0EC9 /* Products */ = {
			isa = PBXGroup;
			children = (
				AAC2E9C11CDAEAE9003E0EC9 /* KNNews.app */,
			);
			name = Products;
			sourceTree = "<group>";
		};
		AAC2E9C31CDAEAE9003E0EC9 /* KNNews */ = {
			isa = PBXGroup;
			children = (
				AAC2E9DB1CDAEF93003E0EC9 /* Category */,
				AAC2E9E41CDAEF93003E0EC9 /* Controllers */,
				AAC2E9E61CDAEF93003E0EC9 /* Models */,
				AAC2E9E81CDAEF93003E0EC9 /* Resource */,
				AAC2E9EA1CDAEF93003E0EC9 /* Views */,
				AAC2E9C71CDAEAE9003E0EC9 /* AppDelegate.h */,
				AAC2E9C81CDAEAE9003E0EC9 /* AppDelegate.m */,
				AAC2E9C41CDAEAE9003E0EC9 /* Supporting Files */,
			);
			path = KNNews;
			sourceTree = "<group>";
		};
		AAC2E9C41CDAEAE9003E0EC9 /* Supporting Files */ = {
			isa = PBXGroup;
			children = (
				AAC2E9E71CDAEF93003E0EC9 /* PrefixHeader.pch */,
				AAC2E9D51CDAEAE9003E0EC9 /* Info.plist */,
				AAC2E9C51CDAEAE9003E0EC9 /* main.m */,
			);
			name = "Supporting Files";
			sourceTree = "<group>";
		};
		AAC2E9DB1CDAEF93003E0EC9 /* Category */ = {
			isa = PBXGroup;
			children = (
				AAC2E9DC1CDAEF93003E0EC9 /* NSString+TL.h */,
				AAC2E9DD1CDAEF93003E0EC9 /* NSString+TL.m */,
				AAC2E9DE1CDAEF93003E0EC9 /* UIDevice+TL.h */,
				AAC2E9DF1CDAEF93003E0EC9 /* UIDevice+TL.m */,
				AAC2E9E01CDAEF93003E0EC9 /* UIImage+TL.h */,
				AAC2E9E11CDAEF93003E0EC9 /* UIImage+TL.m */,
				AAC2E9E21CDAEF93003E0EC9 /* UIView+TL.h */,
				AAC2E9E31CDAEF93003E0EC9 /* UIView+TL.m */,
			);
			path = Category;
			sourceTree = "<group>";
		};
		AAC2E9E41CDAEF93003E0EC9 /* Controllers */ = {
			isa = PBXGroup;
			children = (
				AAC2E9F91CDAFF21003E0EC9 /* Me */,
				AAC2E9FA1CDAFF21003E0EC9 /* News */,
				AAC2E9FB1CDAFF21003E0EC9 /* Picture */,
				AAC2E9FC1CDAFF21003E0EC9 /* Video */,
				AAC2E9E51CDAEF93003E0EC9 /* CommonController */,
			);
			path = Controllers;
			sourceTree = "<group>";
		};
		AAC2E9E51CDAEF93003E0EC9 /* CommonController */ = {
			isa = PBXGroup;
			children = (
				AAC2E9F01CDAF111003E0EC9 /* KNViewController.h */,
				AAC2E9F11CDAF111003E0EC9 /* KNViewController.m */,
				AAC2E9F31CDAF13B003E0EC9 /* KNTabBarController.h */,
				AAC2E9F41CDAF13B003E0EC9 /* KNTabBarController.m */,
				AAC2E9F61CDAF162003E0EC9 /* KNNavigationController.h */,
				AAC2E9F71CDAF162003E0EC9 /* KNNavigationController.m */,
			);
			path = CommonController;
			sourceTree = "<group>";
		};
		AAC2E9E61CDAEF93003E0EC9 /* Models */ = {
			isa = PBXGroup;
			children = (
				AA3DCD311CDC33E10012CF39 /* Me */,
				AA3DCD321CDC33E10012CF39 /* News */,
				AA3DCD331CDC33E10012CF39 /* Other */,
				AA3DCD341CDC33E10012CF39 /* Picture */,
				AA3DCD351CDC33E10012CF39 /* Video */,
			);
			path = Models;
			sourceTree = "<group>";
		};
		AAC2E9E81CDAEF93003E0EC9 /* Resource */ = {
			isa = PBXGroup;
			children = (
				AAC2E9E91CDAEF93003E0EC9 /* Assets.xcassets */,
			);
			path = Resource;
			sourceTree = "<group>";
		};
		AAC2E9EA1CDAEF93003E0EC9 /* Views */ = {
			isa = PBXGroup;
			children = (
				0A4EAF8D1CDE0580006F494B /* Me */,
				AA3DCD371CDC33F90012CF39 /* News */,
				AA3DCD381CDC33F90012CF39 /* Other */,
				AA3DCD391CDC33F90012CF39 /* Picture */,
				AA3DCD3A1CDC33F90012CF39 /* Video */,
			);
			path = Views;
			sourceTree = "<group>";
		};
		AAC2E9F91CDAFF21003E0EC9 /* Me */ = {
			isa = PBXGroup;
			children = (
				AAC2E9FD1CDAFF9F003E0EC9 /* KNMeViewController.h */,
				AAC2E9FE1CDAFF9F003E0EC9 /* KNMeViewController.m */,
				0AD150D81CDE31DC000B0457 /* KNEditInfoViewController.h */,
				0AD150D91CDE31DC000B0457 /* KNEditInfoViewController.m */,
				0AD150DB1CDE486A000B0457 /* KNFeedbackViewController.h */,
				0AD150DC1CDE486B000B0457 /* KNFeedbackViewController.m */,
			);
			path = Me;
			sourceTree = "<group>";
		};
		AAC2E9FA1CDAFF21003E0EC9 /* News */ = {
			isa = PBXGroup;
			children = (
				AAC2EA001CDAFFB8003E0EC9 /* KNNewsViewController.h */,
				AAC2EA011CDAFFB8003E0EC9 /* KNNewsViewController.m */,
				AA3DCD2E1CDC32CD0012CF39 /* KNNewsTableViewController.h */,
				AA3DCD2F1CDC32CD0012CF39 /* KNNewsTableViewController.m */,
				AA3DCD441CDC43790012CF39 /* KNNewsDetailViewController.h */,
				AA3DCD451CDC43790012CF39 /* KNNewsDetailViewController.m */,
			);
			path = News;
			sourceTree = "<group>";
		};
		AAC2E9FB1CDAFF21003E0EC9 /* Picture */ = {
			isa = PBXGroup;
			children = (
				AAC2EA031CDAFFCF003E0EC9 /* KNPictureViewController.h */,
				AAC2EA041CDAFFCF003E0EC9 /* KNPictureViewController.m */,
			);
			path = Picture;
			sourceTree = "<group>";
		};
		AAC2E9FC1CDAFF21003E0EC9 /* Video */ = {
			isa = PBXGroup;
			children = (
				AAC2EA061CDAFFE1003E0EC9 /* KNVideoViewController.h */,
				AAC2EA071CDAFFE1003E0EC9 /* KNVideoViewController.m */,
			);
			path = Video;
			sourceTree = "<group>";
		};
/* End PBXGroup section */

/* Begin PBXNativeTarget section */
		AAC2E9C01CDAEAE9003E0EC9 /* KNNews */ = {
			isa = PBXNativeTarget;
			buildConfigurationList = AAC2E9D81CDAEAE9003E0EC9 /* Build configuration list for PBXNativeTarget "KNNews" */;
			buildPhases = (
				AAC2E9BD1CDAEAE9003E0EC9 /* Sources */,
				AAC2E9BE1CDAEAE9003E0EC9 /* Frameworks */,
				AAC2E9BF1CDAEAE9003E0EC9 /* Resources */,
			);
			buildRules = (
			);
			dependencies = (
			);
			name = KNNews;
			productName = KNNews;
			productReference = AAC2E9C11CDAEAE9003E0EC9 /* KNNews.app */;
			productType = "com.apple.product-type.application";
		};
/* End PBXNativeTarget section */

/* Begin PBXProject section */
		AAC2E9B91CDAEAE9003E0EC9 /* Project object */ = {
			isa = PBXProject;
			attributes = {
				LastUpgradeCheck = 0730;
				ORGANIZATIONNAME = Kevin;
				TargetAttributes = {
					AAC2E9C01CDAEAE9003E0EC9 = {
						CreatedOnToolsVersion = 7.3;
					};
				};
			};
			buildConfigurationList = AAC2E9BC1CDAEAE9003E0EC9 /* Build configuration list for PBXProject "KNNews" */;
			compatibilityVersion = "Xcode 3.2";
			developmentRegion = English;
			hasScannedForEncodings = 0;
			knownRegions = (
				en,
				Base,
			);
			mainGroup = AAC2E9B81CDAEAE9003E0EC9;
			productRefGroup = AAC2E9C21CDAEAE9003E0EC9 /* Products */;
			projectDirPath = "";
			projectRoot = "";
			targets = (
				AAC2E9C01CDAEAE9003E0EC9 /* KNNews */,
			);
		};
/* End PBXProject section */

/* Begin PBXResourcesBuildPhase section */
		AAC2E9BF1CDAEAE9003E0EC9 /* Resources */ = {
			isa = PBXResourcesBuildPhase;
			buildActionMask = 2147483647;
			files = (
				AAC2E9EF1CDAEF93003E0EC9 /* Assets.xcassets in Resources */,
			);
			runOnlyForDeploymentPostprocessing = 0;
		};
/* End PBXResourcesBuildPhase section */

/* Begin PBXSourcesBuildPhase section */
		AAC2E9BD1CDAEAE9003E0EC9 /* Sources */ = {
			isa = PBXSourcesBuildPhase;
			buildActionMask = 2147483647;
			files = (
				AA3DCD491CDC6A4F0012CF39 /* KNChannelCollectionViewCell.m in Sources */,
				AAC2E9F51CDAF13B003E0EC9 /* KNTabBarController.m in Sources */,
				AA3DCD401CDC346B0012CF39 /* KNNormalNews.m in Sources */,
				AAC2E9C91CDAEAE9003E0EC9 /* AppDelegate.m in Sources */,
				AAC2E9EC1CDAEF93003E0EC9 /* UIDevice+TL.m in Sources */,
				AA3DCD301CDC32CD0012CF39 /* KNNewsTableViewController.m in Sources */,
				AA3DCD4C1CDC6A6C0012CF39 /* KNTopMenuView.m in Sources */,
				AAC2E9EB1CDAEF93003E0EC9 /* NSString+TL.m in Sources */,
				AAC2E9F81CDAF162003E0EC9 /* KNNavigationController.m in Sources */,
				0AD150DD1CDE486B000B0457 /* KNFeedbackViewController.m in Sources */,
				AA3DCD461CDC43790012CF39 /* KNNewsDetailViewController.m in Sources */,
				AAC2E9FF1CDAFF9F003E0EC9 /* KNMeViewController.m in Sources */,
				0A4EAF891CDE0480006F494B /* KNCommonTableViewCell.m in Sources */,
				AAC2E9F21CDAF111003E0EC9 /* KNViewController.m in Sources */,
				AA3DCD3D1CDC34470012CF39 /* KNHeaderNews.m in Sources */,
				AAC2EA021CDAFFB8003E0EC9 /* KNNewsViewController.m in Sources */,
				0A4EAF901CDE0580006F494B /* KNInfoTableViewCell.m in Sources */,
				AAC2EA051CDAFFCF003E0EC9 /* KNPictureViewController.m in Sources */,
				AAC2E9ED1CDAEF93003E0EC9 /* UIImage+TL.m in Sources */,
				AAC2E9EE1CDAEF93003E0EC9 /* UIView+TL.m in Sources */,
				AAC2EA081CDAFFE1003E0EC9 /* KNVideoViewController.m in Sources */,
				AAC2E9C61CDAEAE9003E0EC9 /* main.m in Sources */,
				0AD150DA1CDE31DC000B0457 /* KNEditInfoViewController.m in Sources */,
			);
			runOnlyForDeploymentPostprocessing = 0;
		};
/* End PBXSourcesBuildPhase section */

/* Begin XCBuildConfiguration section */
		AAC2E9D61CDAEAE9003E0EC9 /* Debug */ = {
			isa = XCBuildConfiguration;
			buildSettings = {
				ALWAYS_SEARCH_USER_PATHS = NO;
				CLANG_ANALYZER_NONNULL = YES;
				CLANG_CXX_LANGUAGE_STANDARD = "gnu++0x";
				CLANG_CXX_LIBRARY = "libc++";
				CLANG_ENABLE_MODULES = YES;
				CLANG_ENABLE_OBJC_ARC = YES;
				CLANG_WARN_BOOL_CONVERSION = YES;
				CLANG_WARN_CONSTANT_CONVERSION = YES;
				CLANG_WARN_DIRECT_OBJC_ISA_USAGE = YES_ERROR;
				CLANG_WARN_EMPTY_BODY = YES;
				CLANG_WARN_ENUM_CONVERSION = YES;
				CLANG_WARN_INT_CONVERSION = YES;
				CLANG_WARN_OBJC_ROOT_CLASS = YES_ERROR;
				CLANG_WARN_UNREACHABLE_CODE = YES;
				CLANG_WARN__DUPLICATE_METHOD_MATCH = YES;
				"CODE_SIGN_IDENTITY[sdk=iphoneos*]" = "iPhone Developer";
				COPY_PHASE_STRIP = NO;
				DEBUG_INFORMATION_FORMAT = dwarf;
				ENABLE_STRICT_OBJC_MSGSEND = YES;
				ENABLE_TESTABILITY = YES;
				GCC_C_LANGUAGE_STANDARD = gnu99;
				GCC_DYNAMIC_NO_PIC = NO;
				GCC_NO_COMMON_BLOCKS = YES;
				GCC_OPTIMIZATION_LEVEL = 0;
				GCC_PREPROCESSOR_DEFINITIONS = (
					"DEBUG=1",
					"$(inherited)",
				);
				GCC_WARN_64_TO_32_BIT_CONVERSION = YES;
				GCC_WARN_ABOUT_RETURN_TYPE = YES_ERROR;
				GCC_WARN_UNDECLARED_SELECTOR = YES;
				GCC_WARN_UNINITIALIZED_AUTOS = YES_AGGRESSIVE;
				GCC_WARN_UNUSED_FUNCTION = YES;
				GCC_WARN_UNUSED_VARIABLE = YES;
				IPHONEOS_DEPLOYMENT_TARGET = 9.3;
				MTL_ENABLE_DEBUG_INFO = YES;
				ONLY_ACTIVE_ARCH = YES;
				SDKROOT = iphoneos;
			};
			name = Debug;
		};
		AAC2E9D71CDAEAE9003E0EC9 /* Release */ = {
			isa = XCBuildConfiguration;
			buildSettings = {
				ALWAYS_SEARCH_USER_PATHS = NO;
				CLANG_ANALYZER_NONNULL = YES;
				CLANG_CXX_LANGUAGE_STANDARD = "gnu++0x";
				CLANG_CXX_LIBRARY = "libc++";
				CLANG_ENABLE_MODULES = YES;
				CLANG_ENABLE_OBJC_ARC = YES;
				CLANG_WARN_BOOL_CONVERSION = YES;
				CLANG_WARN_CONSTANT_CONVERSION = YES;
				CLANG_WARN_DIRECT_OBJC_ISA_USAGE = YES_ERROR;
				CLANG_WARN_EMPTY_BODY = YES;
				CLANG_WARN_ENUM_CONVERSION = YES;
				CLANG_WARN_INT_CONVERSION = YES;
				CLANG_WARN_OBJC_ROOT_CLASS = YES_ERROR;
				CLANG_WARN_UNREACHABLE_CODE = YES;
				CLANG_WARN__DUPLICATE_METHOD_MATCH = YES;
				"CODE_SIGN_IDENTITY[sdk=iphoneos*]" = "iPhone Developer";
				COPY_PHASE_STRIP = NO;
				DEBUG_INFORMATION_FORMAT = "dwarf-with-dsym";
				ENABLE_NS_ASSERTIONS = NO;
				ENABLE_STRICT_OBJC_MSGSEND = YES;
				GCC_C_LANGUAGE_STANDARD = gnu99;
				GCC_NO_COMMON_BLOCKS = YES;
				GCC_WARN_64_TO_32_BIT_CONVERSION = YES;
				GCC_WARN_ABOUT_RETURN_TYPE = YES_ERROR;
				GCC_WARN_UNDECLARED_SELECTOR = YES;
				GCC_WARN_UNINITIALIZED_AUTOS = YES_AGGRESSIVE;
				GCC_WARN_UNUSED_FUNCTION = YES;
				GCC_WARN_UNUSED_VARIABLE = YES;
				IPHONEOS_DEPLOYMENT_TARGET = 9.3;
				MTL_ENABLE_DEBUG_INFO = NO;
				SDKROOT = iphoneos;
				VALIDATE_PRODUCT = YES;
			};
			name = Release;
		};
		AAC2E9D91CDAEAE9003E0EC9 /* Debug */ = {
			isa = XCBuildConfiguration;
			buildSettings = {
				ASSETCATALOG_COMPILER_APPICON_NAME = AppIcon;
				CODE_SIGN_IDENTITY = "iPhone Developer";
				"CODE_SIGN_IDENTITY[sdk=iphoneos*]" = "iPhone Developer";
				GCC_PREFIX_HEADER = "$(SRCROOT)/KNNews/PrefixHeader.pch";
				INFOPLIST_FILE = KNNews/Info.plist;
				LD_RUNPATH_SEARCH_PATHS = "$(inherited) @executable_path/Frameworks";
				PRODUCT_BUNDLE_IDENTIFIER = com.kevin.KNNews;
				PRODUCT_NAME = "$(TARGET_NAME)";
				PROVISIONING_PROFILE = "";
			};
			name = Debug;
		};
		AAC2E9DA1CDAEAE9003E0EC9 /* Release */ = {
			isa = XCBuildConfiguration;
			buildSettings = {
				ASSETCATALOG_COMPILER_APPICON_NAME = AppIcon;
				CODE_SIGN_IDENTITY = "iPhone Developer";
				"CODE_SIGN_IDENTITY[sdk=iphoneos*]" = "iPhone Developer";
				GCC_PREFIX_HEADER = "$(SRCROOT)/KNNews/PrefixHeader.pch";
				INFOPLIST_FILE = KNNews/Info.plist;
				LD_RUNPATH_SEARCH_PATHS = "$(inherited) @executable_path/Frameworks";
				PRODUCT_BUNDLE_IDENTIFIER = com.kevin.KNNews;
				PRODUCT_NAME = "$(TARGET_NAME)";
				PROVISIONING_PROFILE = "";
			};
			name = Release;
		};
/* End XCBuildConfiguration section */

/* Begin XCConfigurationList section */
		AAC2E9BC1CDAEAE9003E0EC9 /* Build configuration list for PBXProject "KNNews" */ = {
			isa = XCConfigurationList;
			buildConfigurations = (
				AAC2E9D61CDAEAE9003E0EC9 /* Debug */,
				AAC2E9D71CDAEAE9003E0EC9 /* Release */,
			);
			defaultConfigurationIsVisible = 0;
			defaultConfigurationName = Release;
		};
		AAC2E9D81CDAEAE9003E0EC9 /* Build configuration list for PBXNativeTarget "KNNews" */ = {
			isa = XCConfigurationList;
			buildConfigurations = (
				AAC2E9D91CDAEAE9003E0EC9 /* Debug */,
				AAC2E9DA1CDAEAE9003E0EC9 /* Release */,
			);
			defaultConfigurationIsVisible = 0;
			defaultConfigurationName = Release;
		};
/* End XCConfigurationList section */
	};
	rootObject = AAC2E9B91CDAEAE9003E0EC9 /* Project object */;
}
